
Microsoft Visual Studio Solution File, Format Version 12.00
# Visual Studio Version 17
VisualStudioVersion = 17.4.33213.308
MinimumVisualStudioVersion = 10.0.40219.1
Project("{FAE04EC0-301F-11D3-BF4B-00C04F79EFBC}") = "UR-UC6", "UR-UC6\UR-UC6.csproj", "{B7DF416C-758A-49F8-8A8A-647B38C00560}"
EndProject
Global
	GlobalSection(SolutionConfigurationPlatforms) = preSolution
		Debug|Any CPU = Debug|Any CPU
		Release|Any CPU = Release|Any CPU
	EndGlobalSection
	GlobalSection(ProjectConfigurationPlatforms) = postSolution
		{B7DF416C-758A-49F8-8A8A-647B38C00560}.Debug|Any CPU.ActiveCfg = Debug|Any CPU
		{B7DF416C-758A-49F8-8A8A-647B38C00560}.Debug|Any CPU.Build.0 = Debug|Any CPU
		{B7DF416C-758A-49F8-8A8A-647B38C00560}.Release|Any CPU.ActiveCfg = Release|Any CPU
		{B7DF416C-758A-49F8-8A8A-647B38C00560}.Release|Any CPU.Build.0 = Release|Any CPU
	EndGlobalSection
	GlobalSection(SolutionProperties) = preSolution
		HideSolutionNode = FALSE
	EndGlobalSection
	GlobalSection(ExtensibilityGlobals) = postSolution
		SolutionGuid = {D2C48D41-96A4-4504-B533-B2FD267E58A1}
	EndGlobalSection
EndGlobal
